
Microsoft Visual Studio Solution File, Format Version 12.00
# Visual Studio Version 17
VisualStudioVersion = 17.10.34916.146
MinimumVisualStudioVersion = 10.0.40219.1
Project("{9A19103F-16F7-4668-BE54-9A1E7A4F7556}") = "clothes.api", "clothes.api\clothes.api.csproj", "{FFEDD5A2-7DA9-4851-A108-6A586A275A5D}"
EndProject
Project("{E53339B2-1760-4266-BCC7-CA923CBCF16C}") = "docker-compose", "docker-compose.dcproj", "{1A57E6D3-E9C3-4C38-8291-B0808BAD5D89}"
EndProject
Global
	GlobalSection(SolutionConfigurationPlatforms) = preSolution
		Debug|Any CPU = Debug|Any CPU
		Release|Any CPU = Release|Any CPU
	EndGlobalSection
	GlobalSection(ProjectConfigurationPlatforms) = postSolution
		{FFEDD5A2-7DA9-4851-A108-6A586A275A5D}.Debug|Any CPU.ActiveCfg = Debug|Any CPU
		{FFEDD5A2-7DA9-4851-A108-6A586A275A5D}.Debug|Any CPU.Build.0 = Debug|Any CPU
		{FFEDD5A2-7DA9-4851-A108-6A586A275A5D}.Release|Any CPU.ActiveCfg = Release|Any CPU
		{FFEDD5A2-7DA9-4851-A108-6A586A275A5D}.Release|Any CPU.Build.0 = Release|Any CPU
		{1A57E6D3-E9C3-4C38-8291-B0808BAD5D89}.Debug|Any CPU.ActiveCfg = Debug|Any CPU
		{1A57E6D3-E9C3-4C38-8291-B0808BAD5D89}.Debug|Any CPU.Build.0 = Debug|Any CPU
		{1A57E6D3-E9C3-4C38-8291-B0808BAD5D89}.Release|Any CPU.ActiveCfg = Release|Any CPU
		{1A57E6D3-E9C3-4C38-8291-B0808BAD5D89}.Release|Any CPU.Build.0 = Release|Any CPU
	EndGlobalSection
	GlobalSection(SolutionProperties) = preSolution
		HideSolutionNode = FALSE
	EndGlobalSection
	GlobalSection(ExtensibilityGlobals) = postSolution
		SolutionGuid = {EF9DF79C-A042-404E-95F7-8340A742AEB0}
	EndGlobalSection
EndGlobal
